PODS:
  - MASShortcut (2.4.0)
  - Sparkle (2.5.2)

DEPENDENCIES:
  - MASShortcut (~> 2)
  - Sparkle

SPEC REPOS:
  trunk:
    - MASShortcut
    - Sparkle

SPEC CHECKSUMS:
  MASShortcut: d9e4909e878661cc42877cc9d6efbe638273ab57
  Sparkle: 0e335e5c704ac28dbea18cc0383e15a3927c28dc

PODFILE CHECKSUM: 20f081d41748966d4058b20c26ed05d96104334b

COCOAPODS: 1.16.2
