// !$*UTF8*$!
{
	archiveVersion = 1;
	classes = {
	};
	objectVersion = 56;
	objects = {

/* Begin PBXBuildFile section */
		12DA3B2DE2D1672F0DE1F5A1 /* Pods_LaunchHelper.framework in Frameworks */ = {isa = PBXBuildFile; fileRef = DE368BC7432E99E5953AFF41 /* Pods_LaunchHelper.framework */; };
		4C4FB1372B26A85600C1645F /* UserDefaults.swift in Sources */ = {isa = PBXBuildFile; fileRef = 4C4FB1362B26A85600C1645F /* UserDefaults.swift */; };
		AC009B956B6A90530EBAD944 /* Pods_EmacsCtl.framework in Frameworks */ = {isa = PBXBuildFile; fileRef = 1A118323E293486D04AE87A2 /* Pods_EmacsCtl.framework */; };
		EA1058C42B28417F0050DA91 /* Util.swift in Sources */ = {isa = PBXBuildFile; fileRef = EA1058C32B28417F0050DA91 /* Util.swift */; };
		EA1058D52B284C9D0050DA91 /* AppDelegate.swift in Sources */ = {isa = PBXBuildFile; fileRef = EA1058D42B284C9D0050DA91 /* AppDelegate.swift */; };
		EA1058E12B284D6E0050DA91 /* main.swift in Sources */ = {isa = PBXBuildFile; fileRef = EA1058E02B284D6E0050DA91 /* main.swift */; };
		EA1058E52B2850370050DA91 /* LaunchHelper.app in Copy LaunchHelper */ = {isa = PBXBuildFile; fileRef = EA1058D22B284C9D0050DA91 /* LaunchHelper.app */; settings = {ATTRIBUTES = (RemoveHeadersOnCopy, ); }; };
		EA12CF0E2B24D4F2005033A8 /* main.swift in Sources */ = {isa = PBXBuildFile; fileRef = EA12CF0D2B24D4F2005033A8 /* main.swift */; };
		EA12CF142B255122005033A8 /* Localizable.strings in Resources */ = {isa = PBXBuildFile; fileRef = EA12CF162B255122005033A8 /* Localizable.strings */; };
		EA12CF2E2B25E1CF005033A8 /* SettingWindow.xib in Resources */ = {isa = PBXBuildFile; fileRef = EA12CF302B25E1CF005033A8 /* SettingWindow.xib */; };
		EA12CF382B25ECCE005033A8 /* BaseWindowController.swift in Sources */ = {isa = PBXBuildFile; fileRef = EA12CF372B25ECCE005033A8 /* BaseWindowController.swift */; };
		EA12CF3A2B25F3B7005033A8 /* LaunchAtLogin.swift in Sources */ = {isa = PBXBuildFile; fileRef = EA12CF392B25F3B7005033A8 /* LaunchAtLogin.swift */; };
		EA12CF3E2B25FE75005033A8 /* AppMenu.swift in Sources */ = {isa = PBXBuildFile; fileRef = EA12CF3D2B25FE75005033A8 /* AppMenu.swift */; };
		EA1C8CE42C7AEA60007BDBD7 /* version.xcconfig in Resources */ = {isa = PBXBuildFile; fileRef = EA1C8CE32C7AEA60007BDBD7 /* version.xcconfig */; };
		EA3DC4F62B2895F20015BE5E /* ShortcutsController.m in Sources */ = {isa = PBXBuildFile; fileRef = EA3DC4F52B2895F20015BE5E /* ShortcutsController.m */; };
		EAA4ACB92B426AC000E45784 /* UrlProcessor.swift in Sources */ = {isa = PBXBuildFile; fileRef = EAA4ACB82B426AC000E45784 /* UrlProcessor.swift */; };
		EAA4ACBC2B426CB800E45784 /* OrgRoamCaptureWindow.swift in Sources */ = {isa = PBXBuildFile; fileRef = EAA4ACBA2B426CB800E45784 /* OrgRoamCaptureWindow.swift */; };
		EAA4ACBD2B426CB800E45784 /* OrgRoamCaptureWindow.xib in Resources */ = {isa = PBXBuildFile; fileRef = EAA4ACBB2B426CB800E45784 /* OrgRoamCaptureWindow.xib */; };
		EAA4ACC02B426DA600E45784 /* UrlCaptureBaseWindow.swift in Sources */ = {isa = PBXBuildFile; fileRef = EAA4ACBF2B426DA600E45784 /* UrlCaptureBaseWindow.swift */; };
		EAB3302B2B221BD0006BC4DD /* AppDelegate.swift in Sources */ = {isa = PBXBuildFile; fileRef = EAB3302A2B221BD0006BC4DD /* AppDelegate.swift */; };
		EAB3302D2B221BD0006BC4DD /* SettingWindow.swift in Sources */ = {isa = PBXBuildFile; fileRef = EAB3302C2B221BD0006BC4DD /* SettingWindow.swift */; };
		EAB3302F2B221BD1006BC4DD /* Assets.xcassets in Resources */ = {isa = PBXBuildFile; fileRef = EAB3302E2B221BD1006BC4DD /* Assets.xcassets */; };
		EAB3303B2B235712006BC4DD /* EmacsControl.swift in Sources */ = {isa = PBXBuildFile; fileRef = EAB3303A2B235712006BC4DD /* EmacsControl.swift */; };
		EAB3303D2B23571E006BC4DD /* ConfigStore.swift in Sources */ = {isa = PBXBuildFile; fileRef = EAB3303C2B23571E006BC4DD /* ConfigStore.swift */; };
/* End PBXBuildFile section */

/* Begin PBXCopyFilesBuildPhase section */
		EA1058E42B2850270050DA91 /* Copy LaunchHelper */ = {
			isa = PBXCopyFilesBuildPhase;
			buildActionMask = 2147483647;
			dstPath = Contents/Library/LoginItems;
			dstSubfolderSpec = 1;
			files = (
				EA1058E52B2850370050DA91 /* LaunchHelper.app in Copy LaunchHelper */,
			);
			name = "Copy LaunchHelper";
			runOnlyForDeploymentPostprocessing = 0;
		};
/* End PBXCopyFilesBuildPhase section */

/* Begin PBXFileReference section */
		1A118323E293486D04AE87A2 /* Pods_EmacsCtl.framework */ = {isa = PBXFileReference; explicitFileType = wrapper.framework; includeInIndex = 0; path = Pods_EmacsCtl.framework; sourceTree = BUILT_PRODUCTS_DIR; };
		4C4FB1362B26A85600C1645F /* UserDefaults.swift */ = {isa = PBXFileReference; lastKnownFileType = sourcecode.swift; path = UserDefaults.swift; sourceTree = "<group>"; };
		5240C02FDB74CA1DA49294B0 /* Pods-EmacsCtl.debug.xcconfig */ = {isa = PBXFileReference; includeInIndex = 1; lastKnownFileType = text.xcconfig; name = "Pods-EmacsCtl.debug.xcconfig"; path = "Target Support Files/Pods-EmacsCtl/Pods-EmacsCtl.debug.xcconfig"; sourceTree = "<group>"; };
		74078054E523D78E256A4704 /* Pods-EmacsCtl.release.xcconfig */ = {isa = PBXFileReference; includeInIndex = 1; lastKnownFileType = text.xcconfig; name = "Pods-EmacsCtl.release.xcconfig"; path = "Target Support Files/Pods-EmacsCtl/Pods-EmacsCtl.release.xcconfig"; sourceTree = "<group>"; };
		A00A46F90E239768066C99B8 /* Pods-LaunchHelper.debug.xcconfig */ = {isa = PBXFileReference; includeInIndex = 1; lastKnownFileType = text.xcconfig; name = "Pods-LaunchHelper.debug.xcconfig"; path = "Target Support Files/Pods-LaunchHelper/Pods-LaunchHelper.debug.xcconfig"; sourceTree = "<group>"; };
		DE368BC7432E99E5953AFF41 /* Pods_LaunchHelper.framework */ = {isa = PBXFileReference; explicitFileType = wrapper.framework; includeInIndex = 0; path = Pods_LaunchHelper.framework; sourceTree = BUILT_PRODUCTS_DIR; };
		EA1058C32B28417F0050DA91 /* Util.swift */ = {isa = PBXFileReference; lastKnownFileType = sourcecode.swift; path = Util.swift; sourceTree = "<group>"; };
		EA1058D22B284C9D0050DA91 /* LaunchHelper.app */ = {isa = PBXFileReference; explicitFileType = wrapper.application; includeInIndex = 0; path = LaunchHelper.app; sourceTree = BUILT_PRODUCTS_DIR; };
		EA1058D42B284C9D0050DA91 /* AppDelegate.swift */ = {isa = PBXFileReference; lastKnownFileType = sourcecode.swift; path = AppDelegate.swift; sourceTree = "<group>"; };
		EA1058DB2B284C9F0050DA91 /* LaunchHelper.entitlements */ = {isa = PBXFileReference; lastKnownFileType = text.plist.entitlements; path = LaunchHelper.entitlements; sourceTree = "<group>"; };
		EA1058E02B284D6E0050DA91 /* main.swift */ = {isa = PBXFileReference; lastKnownFileType = sourcecode.swift; path = main.swift; sourceTree = "<group>"; };
		EA1058E72B2851850050DA91 /* Info.plist */ = {isa = PBXFileReference; lastKnownFileType = text.plist; path = Info.plist; sourceTree = "<group>"; };
		EA12CF0D2B24D4F2005033A8 /* main.swift */ = {isa = PBXFileReference; lastKnownFileType = sourcecode.swift; path = main.swift; sourceTree = "<group>"; };
		EA12CF152B255122005033A8 /* en */ = {isa = PBXFileReference; lastKnownFileType = text.plist.strings; name = en; path = en.lproj/Localizable.strings; sourceTree = "<group>"; };
		EA12CF172B255145005033A8 /* zh-Hans */ = {isa = PBXFileReference; lastKnownFileType = text.plist.strings; name = "zh-Hans"; path = "zh-Hans.lproj/Localizable.strings"; sourceTree = "<group>"; };
		EA12CF2F2B25E1CF005033A8 /* Base */ = {isa = PBXFileReference; lastKnownFileType = file.xib; name = Base; path = Base.lproj/SettingWindow.xib; sourceTree = "<group>"; };
		EA12CF372B25ECCE005033A8 /* BaseWindowController.swift */ = {isa = PBXFileReference; lastKnownFileType = sourcecode.swift; path = BaseWindowController.swift; sourceTree = "<group>"; };
		EA12CF392B25F3B7005033A8 /* LaunchAtLogin.swift */ = {isa = PBXFileReference; lastKnownFileType = sourcecode.swift; path = LaunchAtLogin.swift; sourceTree = "<group>"; };
		EA12CF3D2B25FE75005033A8 /* AppMenu.swift */ = {isa = PBXFileReference; lastKnownFileType = sourcecode.swift; path = AppMenu.swift; sourceTree = "<group>"; };
		EA12CF442B26075C005033A8 /* en */ = {isa = PBXFileReference; lastKnownFileType = text.plist.strings; name = en; path = en.lproj/SettingWindow.strings; sourceTree = "<group>"; };
		EA12CF452B26076F005033A8 /* zh-Hans */ = {isa = PBXFileReference; lastKnownFileType = text.plist.strings; name = "zh-Hans"; path = "zh-Hans.lproj/SettingWindow.strings"; sourceTree = "<group>"; };
		EA1C8CE12C7AE833007BDBD7 /* EmacsCtl.debug.xcconfig */ = {isa = PBXFileReference; lastKnownFileType = text.xcconfig; path = EmacsCtl.debug.xcconfig; sourceTree = "<group>"; };
		EA1C8CE22C7AE838007BDBD7 /* EmacsCtl.release.xcconfig */ = {isa = PBXFileReference; lastKnownFileType = text.xcconfig; path = EmacsCtl.release.xcconfig; sourceTree = "<group>"; };
		EA1C8CE32C7AEA60007BDBD7 /* version.xcconfig */ = {isa = PBXFileReference; fileEncoding = 4; lastKnownFileType = text.xcconfig; path = version.xcconfig; sourceTree = "<group>"; };
		EA3DC4ED2B287CE30015BE5E /* EmacsCtl-Bridging-Header.h */ = {isa = PBXFileReference; lastKnownFileType = sourcecode.c.h; path = "EmacsCtl-Bridging-Header.h"; sourceTree = "<group>"; };
		EA3DC4F42B2895F20015BE5E /* ShortcutsController.h */ = {isa = PBXFileReference; lastKnownFileType = sourcecode.c.h; path = ShortcutsController.h; sourceTree = "<group>"; };
		EA3DC4F52B2895F20015BE5E /* ShortcutsController.m */ = {isa = PBXFileReference; lastKnownFileType = sourcecode.c.objc; path = ShortcutsController.m; sourceTree = "<group>"; };
		EAA4ACB82B426AC000E45784 /* UrlProcessor.swift */ = {isa = PBXFileReference; lastKnownFileType = sourcecode.swift; path = UrlProcessor.swift; sourceTree = "<group>"; };
		EAA4ACBA2B426CB800E45784 /* OrgRoamCaptureWindow.swift */ = {isa = PBXFileReference; lastKnownFileType = sourcecode.swift; path = OrgRoamCaptureWindow.swift; sourceTree = "<group>"; };
		EAA4ACBB2B426CB800E45784 /* OrgRoamCaptureWindow.xib */ = {isa = PBXFileReference; lastKnownFileType = file.xib; path = OrgRoamCaptureWindow.xib; sourceTree = "<group>"; };
		EAA4ACBF2B426DA600E45784 /* UrlCaptureBaseWindow.swift */ = {isa = PBXFileReference; lastKnownFileType = sourcecode.swift; path = UrlCaptureBaseWindow.swift; sourceTree = "<group>"; };
		EAB330272B221BD0006BC4DD /* EmacsCtl.app */ = {isa = PBXFileReference; explicitFileType = wrapper.application; includeInIndex = 0; path = EmacsCtl.app; sourceTree = BUILT_PRODUCTS_DIR; };
		EAB3302A2B221BD0006BC4DD /* AppDelegate.swift */ = {isa = PBXFileReference; lastKnownFileType = sourcecode.swift; path = AppDelegate.swift; sourceTree = "<group>"; };
		EAB3302C2B221BD0006BC4DD /* SettingWindow.swift */ = {isa = PBXFileReference; lastKnownFileType = sourcecode.swift; path = SettingWindow.swift; sourceTree = "<group>"; };
		EAB3302E2B221BD1006BC4DD /* Assets.xcassets */ = {isa = PBXFileReference; lastKnownFileType = folder.assetcatalog; path = Assets.xcassets; sourceTree = "<group>"; };
		EAB330332B221BD1006BC4DD /* EmacsCtl.entitlements */ = {isa = PBXFileReference; lastKnownFileType = text.plist.entitlements; path = EmacsCtl.entitlements; sourceTree = "<group>"; };
		EAB330392B221C4C006BC4DD /* Info.plist */ = {isa = PBXFileReference; lastKnownFileType = text.plist; path = Info.plist; sourceTree = "<group>"; };
		EAB3303A2B235712006BC4DD /* EmacsControl.swift */ = {isa = PBXFileReference; lastKnownFileType = sourcecode.swift; path = EmacsControl.swift; sourceTree = "<group>"; };
		EAB3303C2B23571E006BC4DD /* ConfigStore.swift */ = {isa = PBXFileReference; lastKnownFileType = sourcecode.swift; path = ConfigStore.swift; sourceTree = "<group>"; };
		F35A35510B1BC0BB2712D39A /* Pods-LaunchHelper.release.xcconfig */ = {isa = PBXFileReference; includeInIndex = 1; lastKnownFileType = text.xcconfig; name = "Pods-LaunchHelper.release.xcconfig"; path = "Target Support Files/Pods-LaunchHelper/Pods-LaunchHelper.release.xcconfig"; sourceTree = "<group>"; };
/* End PBXFileReference section */

/* Begin PBXFrameworksBuildPhase section */
		EA1058CF2B284C9D0050DA91 /* Frameworks */ = {
			isa = PBXFrameworksBuildPhase;
			buildActionMask = 2147483647;
			files = (
				12DA3B2DE2D1672F0DE1F5A1 /* Pods_LaunchHelper.framework in Frameworks */,
			);
			runOnlyForDeploymentPostprocessing = 0;
		};
		EAB330242B221BD0006BC4DD /* Frameworks */ = {
			isa = PBXFrameworksBuildPhase;
			buildActionMask = 2147483647;
			files = (
				AC009B956B6A90530EBAD944 /* Pods_EmacsCtl.framework in Frameworks */,
			);
			runOnlyForDeploymentPostprocessing = 0;
		};
/* End PBXFrameworksBuildPhase section */

/* Begin PBXGroup section */
		122179ADFB3436C841D485F4 /* Frameworks */ = {
			isa = PBXGroup;
			children = (
				1A118323E293486D04AE87A2 /* Pods_EmacsCtl.framework */,
				DE368BC7432E99E5953AFF41 /* Pods_LaunchHelper.framework */,
			);
			name = Frameworks;
			sourceTree = "<group>";
		};
		3BE5BC39FE57BAC0B414E69C /* Pods */ = {
			isa = PBXGroup;
			children = (
				5240C02FDB74CA1DA49294B0 /* Pods-EmacsCtl.debug.xcconfig */,
				74078054E523D78E256A4704 /* Pods-EmacsCtl.release.xcconfig */,
				A00A46F90E239768066C99B8 /* Pods-LaunchHelper.debug.xcconfig */,
				F35A35510B1BC0BB2712D39A /* Pods-LaunchHelper.release.xcconfig */,
			);
			path = Pods;
			sourceTree = "<group>";
		};
		EA1058D32B284C9D0050DA91 /* LaunchHelper */ = {
			isa = PBXGroup;
			children = (
				EA1058E72B2851850050DA91 /* Info.plist */,
				EA1058E02B284D6E0050DA91 /* main.swift */,
				EA1058D42B284C9D0050DA91 /* AppDelegate.swift */,
				EA1058DB2B284C9F0050DA91 /* LaunchHelper.entitlements */,
			);
			path = LaunchHelper;
			sourceTree = "<group>";
		};
		EA12CF1B2B25CA21005033A8 /* UI */ = {
			isa = PBXGroup;
			children = (
				EA12CF372B25ECCE005033A8 /* BaseWindowController.swift */,
				EAB3302C2B221BD0006BC4DD /* SettingWindow.swift */,
				EA12CF302B25E1CF005033A8 /* SettingWindow.xib */,
				EAA4ACBE2B426D7800E45784 /* Url */,
			);
			path = UI;
			sourceTree = "<group>";
		};
		EA1C8CE02C7AE77E007BDBD7 /* XCConfig */ = {
			isa = PBXGroup;
			children = (
				EA1C8CE12C7AE833007BDBD7 /* EmacsCtl.debug.xcconfig */,
				EA1C8CE22C7AE838007BDBD7 /* EmacsCtl.release.xcconfig */,
			);
			path = XCConfig;
			sourceTree = "<group>";
		};
		EA3DC4F72B28963D0015BE5E /* OC */ = {
			isa = PBXGroup;
			children = (
				EA3DC4ED2B287CE30015BE5E /* EmacsCtl-Bridging-Header.h */,
				EA3DC4F42B2895F20015BE5E /* ShortcutsController.h */,
				EA3DC4F52B2895F20015BE5E /* ShortcutsController.m */,
			);
			path = OC;
			sourceTree = "<group>";
		};
		EAA4ACBE2B426D7800E45784 /* Url */ = {
			isa = PBXGroup;
			children = (
				EAA4ACBF2B426DA600E45784 /* UrlCaptureBaseWindow.swift */,
				EAA4ACBA2B426CB800E45784 /* OrgRoamCaptureWindow.swift */,
				EAA4ACBB2B426CB800E45784 /* OrgRoamCaptureWindow.xib */,
			);
			path = Url;
			sourceTree = "<group>";
		};
		EAB3301E2B221BD0006BC4DD = {
			isa = PBXGroup;
			children = (
				EA1C8CE32C7AEA60007BDBD7 /* version.xcconfig */,
				EAB330292B221BD0006BC4DD /* EmacsCtl */,
				EA1058D32B284C9D0050DA91 /* LaunchHelper */,
				EA1C8CE02C7AE77E007BDBD7 /* XCConfig */,
				EAB330282B221BD0006BC4DD /* Products */,
				3BE5BC39FE57BAC0B414E69C /* Pods */,
				122179ADFB3436C841D485F4 /* Frameworks */,
			);
			sourceTree = "<group>";
		};
		EAB330282B221BD0006BC4DD /* Products */ = {
			isa = PBXGroup;
			children = (
				EAB330272B221BD0006BC4DD /* EmacsCtl.app */,
				EA1058D22B284C9D0050DA91 /* LaunchHelper.app */,
			);
			name = Products;
			sourceTree = "<group>";
		};
		EAB330292B221BD0006BC4DD /* EmacsCtl */ = {
			isa = PBXGroup;
			children = (
				EA12CF0D2B24D4F2005033A8 /* main.swift */,
				EAB3302A2B221BD0006BC4DD /* AppDelegate.swift */,
				EA12CF3D2B25FE75005033A8 /* AppMenu.swift */,
				EAB3303C2B23571E006BC4DD /* ConfigStore.swift */,
				4C4FB1362B26A85600C1645F /* UserDefaults.swift */,
				EAB3303A2B235712006BC4DD /* EmacsControl.swift */,
				EA12CF1B2B25CA21005033A8 /* UI */,
				EA12CF392B25F3B7005033A8 /* LaunchAtLogin.swift */,
				EAA4ACB82B426AC000E45784 /* UrlProcessor.swift */,
				EA1058C32B28417F0050DA91 /* Util.swift */,
				EA3DC4F72B28963D0015BE5E /* OC */,
				EA12CF162B255122005033A8 /* Localizable.strings */,
				EAB3302E2B221BD1006BC4DD /* Assets.xcassets */,
				EAB330392B221C4C006BC4DD /* Info.plist */,
				EAB330332B221BD1006BC4DD /* EmacsCtl.entitlements */,
			);
			path = EmacsCtl;
			sourceTree = "<group>";
		};
/* End PBXGroup section */

/* Begin PBXNativeTarget section */
		EA1058D12B284C9D0050DA91 /* LaunchHelper */ = {
			isa = PBXNativeTarget;
			buildConfigurationList = EA1058DC2B284C9F0050DA91 /* Build configuration list for PBXNativeTarget "LaunchHelper" */;
			buildPhases = (
				71AC0DBC5A4A153304C1E7FF /* [CP] Check Pods Manifest.lock */,
				EA1058CE2B284C9D0050DA91 /* Sources */,
				EA1058CF2B284C9D0050DA91 /* Frameworks */,
				EA1058D02B284C9D0050DA91 /* Resources */,
			);
			buildRules = (
			);
			dependencies = (
			);
			name = LaunchHelper;
			productName = LaunchHelper;
			productReference = EA1058D22B284C9D0050DA91 /* LaunchHelper.app */;
			productType = "com.apple.product-type.application";
		};
		EAB330262B221BD0006BC4DD /* EmacsCtl */ = {
			isa = PBXNativeTarget;
			buildConfigurationList = EAB330362B221BD1006BC4DD /* Build configuration list for PBXNativeTarget "EmacsCtl" */;
			buildPhases = (
				8DD0C220C1F36BE4EA9BD66D /* [CP] Check Pods Manifest.lock */,
				EAB330232B221BD0006BC4DD /* Sources */,
				EAB330242B221BD0006BC4DD /* Frameworks */,
				EA12CF462B260AB2005033A8 /* Generate xib strings */,
				EAB330252B221BD0006BC4DD /* Resources */,
				EA1058E42B2850270050DA91 /* Copy LaunchHelper */,
				586B9A9DAF228516F746A5A1 /* [CP] Embed Pods Frameworks */,
			);
			buildRules = (
			);
			dependencies = (
			);
			name = EmacsCtl;
			productName = EmacsCtl;
			productReference = EAB330272B221BD0006BC4DD /* EmacsCtl.app */;
			productType = "com.apple.product-type.application";
		};
/* End PBXNativeTarget section */

/* Begin PBXProject section */
		EAB3301F2B221BD0006BC4DD /* Project object */ = {
			isa = PBXProject;
			attributes = {
				BuildIndependentTargetsInParallel = 1;
				LastSwiftUpdateCheck = 1400;
				LastUpgradeCheck = 1400;
				TargetAttributes = {
					EA1058D12B284C9D0050DA91 = {
						CreatedOnToolsVersion = 14.0;
					};
					EAB330262B221BD0006BC4DD = {
						CreatedOnToolsVersion = 14.0;
						LastSwiftMigration = 1400;
					};
				};
			};
			buildConfigurationList = EAB330222B221BD0006BC4DD /* Build configuration list for PBXProject "EmacsCtl" */;
			compatibilityVersion = "Xcode 14.0";
			developmentRegion = en;
			hasScannedForEncodings = 0;
			knownRegions = (
				en,
				"zh-Hans",
				Base,
			);
			mainGroup = EAB3301E2B221BD0006BC4DD;
			productRefGroup = EAB330282B221BD0006BC4DD /* Products */;
			projectDirPath = "";
			projectRoot = "";
			targets = (
				EAB330262B221BD0006BC4DD /* EmacsCtl */,
				EA1058D12B284C9D0050DA91 /* LaunchHelper */,
			);
		};
/* End PBXProject section */

/* Begin PBXResourcesBuildPhase section */
		EA1058D02B284C9D0050DA91 /* Resources */ = {
			isa = PBXResourcesBuildPhase;
			buildActionMask = 2147483647;
			files = (
			);
			runOnlyForDeploymentPostprocessing = 0;
		};
		EAB330252B221BD0006BC4DD /* Resources */ = {
			isa = PBXResourcesBuildPhase;
			buildActionMask = 2147483647;
			files = (
				EAA4ACBD2B426CB800E45784 /* OrgRoamCaptureWindow.xib in Resources */,
				EAB3302F2B221BD1006BC4DD /* Assets.xcassets in Resources */,
				EA1C8CE42C7AEA60007BDBD7 /* version.xcconfig in Resources */,
				EA12CF2E2B25E1CF005033A8 /* SettingWindow.xib in Resources */,
				EA12CF142B255122005033A8 /* Localizable.strings in Resources */,
			);
			runOnlyForDeploymentPostprocessing = 0;
		};
/* End PBXResourcesBuildPhase section */

/* Begin PBXShellScriptBuildPhase section */
		586B9A9DAF228516F746A5A1 /* [CP] Embed Pods Frameworks */ = {
			isa = PBXShellScriptBuildPhase;
			buildActionMask = 2147483647;
			files = (
			);
			inputFileListPaths = (
				"${PODS_ROOT}/Target Support Files/Pods-EmacsCtl/Pods-EmacsCtl-frameworks-${CONFIGURATION}-input-files.xcfilelist",
			);
			name = "[CP] Embed Pods Frameworks";
			outputFileListPaths = (
				"${PODS_ROOT}/Target Support Files/Pods-EmacsCtl/Pods-EmacsCtl-frameworks-${CONFIGURATION}-output-files.xcfilelist",
			);
			runOnlyForDeploymentPostprocessing = 0;
			shellPath = /bin/sh;
			shellScript = "\"${PODS_ROOT}/Target Support Files/Pods-EmacsCtl/Pods-EmacsCtl-frameworks.sh\"\n";
			showEnvVarsInLog = 0;
		};
		71AC0DBC5A4A153304C1E7FF /* [CP] Check Pods Manifest.lock */ = {
			isa = PBXShellScriptBuildPhase;
			buildActionMask = 2147483647;
			files = (
			);
			inputFileListPaths = (
			);
			inputPaths = (
				"${PODS_PODFILE_DIR_PATH}/Podfile.lock",
				"${PODS_ROOT}/Manifest.lock",
			);
			name = "[CP] Check Pods Manifest.lock";
			outputFileListPaths = (
			);
			outputPaths = (
				"$(DERIVED_FILE_DIR)/Pods-LaunchHelper-checkManifestLockResult.txt",
			);
			runOnlyForDeploymentPostprocessing = 0;
			shellPath = /bin/sh;
			shellScript = "diff \"${PODS_PODFILE_DIR_PATH}/Podfile.lock\" \"${PODS_ROOT}/Manifest.lock\" > /dev/null\nif [ $? != 0 ] ; then\n    # print error to STDERR\n    echo \"error: The sandbox is not in sync with the Podfile.lock. Run 'pod install' or update your CocoaPods installation.\" >&2\n    exit 1\nfi\n# This output is used by Xcode 'outputs' to avoid re-running this script phase.\necho \"SUCCESS\" > \"${SCRIPT_OUTPUT_FILE_0}\"\n";
			showEnvVarsInLog = 0;
		};
		8DD0C220C1F36BE4EA9BD66D /* [CP] Check Pods Manifest.lock */ = {
			isa = PBXShellScriptBuildPhase;
			buildActionMask = 2147483647;
			files = (
			);
			inputFileListPaths = (
			);
			inputPaths = (
				"${PODS_PODFILE_DIR_PATH}/Podfile.lock",
				"${PODS_ROOT}/Manifest.lock",
			);
			name = "[CP] Check Pods Manifest.lock";
			outputFileListPaths = (
			);
			outputPaths = (
				"$(DERIVED_FILE_DIR)/Pods-EmacsCtl-checkManifestLockResult.txt",
			);
			runOnlyForDeploymentPostprocessing = 0;
			shellPath = /bin/sh;
			shellScript = "diff \"${PODS_PODFILE_DIR_PATH}/Podfile.lock\" \"${PODS_ROOT}/Manifest.lock\" > /dev/null\nif [ $? != 0 ] ; then\n    # print error to STDERR\n    echo \"error: The sandbox is not in sync with the Podfile.lock. Run 'pod install' or update your CocoaPods installation.\" >&2\n    exit 1\nfi\n# This output is used by Xcode 'outputs' to avoid re-running this script phase.\necho \"SUCCESS\" > \"${SCRIPT_OUTPUT_FILE_0}\"\n";
			showEnvVarsInLog = 0;
		};
		EA12CF462B260AB2005033A8 /* Generate xib strings */ = {
			isa = PBXShellScriptBuildPhase;
			alwaysOutOfDate = 1;
			buildActionMask = 2147483647;
			files = (
			);
			inputFileListPaths = (
			);
			inputPaths = (
			);
			name = "Generate xib strings";
			outputFileListPaths = (
			);
			outputPaths = (
			);
			runOnlyForDeploymentPostprocessing = 0;
			shellPath = /bin/sh;
			shellScript = "files=(\\\n    \"EmacsCtl/UI/Base.lproj/SettingWindow.xib\" \\\n)\n\nfor f in \"${files[@]}\"\ndo \n    output=$(echo \"$f\" | sed 's/Base\\.lproj/en\\.lproj/g' | sed 's/\\.xib/\\.strings/g')\n    ibtool --generate-strings-file $output $f\ndone\n";
			showEnvVarsInLog = 0;
		};
/* End PBXShellScriptBuildPhase section */

/* Begin PBXSourcesBuildPhase section */
		EA1058CE2B284C9D0050DA91 /* Sources */ = {
			isa = PBXSourcesBuildPhase;
			buildActionMask = 2147483647;
			files = (
				EA1058E12B284D6E0050DA91 /* main.swift in Sources */,
				EA1058D52B284C9D0050DA91 /* AppDelegate.swift in Sources */,
			);
			runOnlyForDeploymentPostprocessing = 0;
		};
		EAB330232B221BD0006BC4DD /* Sources */ = {
			isa = PBXSourcesBuildPhase;
			buildActionMask = 2147483647;
			files = (
				EAA4ACB92B426AC000E45784 /* UrlProcessor.swift in Sources */,
				EAB3302D2B221BD0006BC4DD /* SettingWindow.swift in Sources */,
				EA12CF3A2B25F3B7005033A8 /* LaunchAtLogin.swift in Sources */,
				EA12CF0E2B24D4F2005033A8 /* main.swift in Sources */,
				EAA4ACBC2B426CB800E45784 /* OrgRoamCaptureWindow.swift in Sources */,
				EA12CF382B25ECCE005033A8 /* BaseWindowController.swift in Sources */,
				EAB3303D2B23571E006BC4DD /* ConfigStore.swift in Sources */,
				4C4FB1372B26A85600C1645F /* UserDefaults.swift in Sources */,
				EAB3302B2B221BD0006BC4DD /* AppDelegate.swift in Sources */,
				EA3DC4F62B2895F20015BE5E /* ShortcutsController.m in Sources */,
				EA1058C42B28417F0050DA91 /* Util.swift in Sources */,
				EAA4ACC02B426DA600E45784 /* UrlCaptureBaseWindow.swift in Sources */,
				EA12CF3E2B25FE75005033A8 /* AppMenu.swift in Sources */,
				EAB3303B2B235712006BC4DD /* EmacsControl.swift in Sources */,
			);
			runOnlyForDeploymentPostprocessing = 0;
		};
/* End PBXSourcesBuildPhase section */

/* Begin PBXVariantGroup section */
		EA12CF162B255122005033A8 /* Localizable.strings */ = {
			isa = PBXVariantGroup;
			children = (
				EA12CF152B255122005033A8 /* en */,
				EA12CF172B255145005033A8 /* zh-Hans */,
			);
			name = Localizable.strings;
			sourceTree = "<group>";
		};
		EA12CF302B25E1CF005033A8 /* SettingWindow.xib */ = {
			isa = PBXVariantGroup;
			children = (
				EA12CF2F2B25E1CF005033A8 /* Base */,
				EA12CF442B26075C005033A8 /* en */,
				EA12CF452B26076F005033A8 /* zh-Hans */,
			);
			name = SettingWindow.xib;
			sourceTree = "<group>";
		};
/* End PBXVariantGroup section */

/* Begin XCBuildConfiguration section */
		EA1058DD2B284C9F0050DA91 /* Debug */ = {
			isa = XCBuildConfiguration;
			baseConfigurationReference = A00A46F90E239768066C99B8 /* Pods-LaunchHelper.debug.xcconfig */;
			buildSettings = {
				ASSETCATALOG_COMPILER_APPICON_NAME = AppIcon;
				ASSETCATALOG_COMPILER_GLOBAL_ACCENT_COLOR_NAME = AccentColor;
				CODE_SIGN_ENTITLEMENTS = LaunchHelper/LaunchHelper.entitlements;
				CODE_SIGN_STYLE = Automatic;
				COMBINE_HIDPI_IMAGES = YES;
				CURRENT_PROJECT_VERSION = 1;
				GENERATE_INFOPLIST_FILE = YES;
				INFOPLIST_FILE = LaunchHelper/Info.plist;
				INFOPLIST_KEY_LSBackgroundOnly = YES;
				INFOPLIST_KEY_NSHumanReadableCopyright = "";
				INFOPLIST_KEY_NSPrincipalClass = NSApplication;
				LD_RUNPATH_SEARCH_PATHS = (
					"$(inherited)",
					"@executable_path/../Frameworks",
				);
				MACOSX_DEPLOYMENT_TARGET = 12.3;
				MARKETING_VERSION = 1.0;
				PRODUCT_BUNDLE_IDENTIFIER = com.tctony.EmacsCtl.LaunchHelper;
				PRODUCT_NAME = "$(TARGET_NAME)";
				SWIFT_EMIT_LOC_STRINGS = YES;
				SWIFT_VERSION = 5.0;
			};
			name = Debug;
		};
		EA1058DE2B284C9F0050DA91 /* Release */ = {
			isa = XCBuildConfiguration;
			baseConfigurationReference = F35A35510B1BC0BB2712D39A /* Pods-LaunchHelper.release.xcconfig */;
			buildSettings = {
				ASSETCATALOG_COMPILER_APPICON_NAME = AppIcon;
				ASSETCATALOG_COMPILER_GLOBAL_ACCENT_COLOR_NAME = AccentColor;
				CODE_SIGN_ENTITLEMENTS = LaunchHelper/LaunchHelper.entitlements;
				CODE_SIGN_STYLE = Automatic;
				COMBINE_HIDPI_IMAGES = YES;
				CURRENT_PROJECT_VERSION = 1;
				GENERATE_INFOPLIST_FILE = YES;
				INFOPLIST_FILE = LaunchHelper/Info.plist;
				INFOPLIST_KEY_LSBackgroundOnly = YES;
				INFOPLIST_KEY_NSHumanReadableCopyright = "";
				INFOPLIST_KEY_NSPrincipalClass = NSApplication;
				LD_RUNPATH_SEARCH_PATHS = (
					"$(inherited)",
					"@executable_path/../Frameworks",
				);
				MACOSX_DEPLOYMENT_TARGET = 12.3;
				MARKETING_VERSION = 1.0;
				PRODUCT_BUNDLE_IDENTIFIER = com.tctony.EmacsCtl.LaunchHelper;
				PRODUCT_NAME = "$(TARGET_NAME)";
				SWIFT_EMIT_LOC_STRINGS = YES;
				SWIFT_VERSION = 5.0;
			};
			name = Release;
		};
		EAB330342B221BD1006BC4DD /* Debug */ = {
			isa = XCBuildConfiguration;
			buildSettings = {
				ALWAYS_SEARCH_USER_PATHS = NO;
				CLANG_ANALYZER_LOCALIZABILITY_NONLOCALIZED = YES;
				CLANG_ANALYZER_NONNULL = YES;
				CLANG_ANALYZER_NUMBER_OBJECT_CONVERSION = YES_AGGRESSIVE;
				CLANG_CXX_LANGUAGE_STANDARD = "gnu++20";
				CLANG_ENABLE_MODULES = YES;
				CLANG_ENABLE_OBJC_ARC = YES;
				CLANG_ENABLE_OBJC_WEAK = YES;
				CLANG_WARN_BLOCK_CAPTURE_AUTORELEASING = YES;
				CLANG_WARN_BOOL_CONVERSION = YES;
				CLANG_WARN_COMMA = YES;
				CLANG_WARN_CONSTANT_CONVERSION = YES;
				CLANG_WARN_DEPRECATED_OBJC_IMPLEMENTATIONS = YES;
				CLANG_WARN_DIRECT_OBJC_ISA_USAGE = YES_ERROR;
				CLANG_WARN_DOCUMENTATION_COMMENTS = YES;
				CLANG_WARN_EMPTY_BODY = YES;
				CLANG_WARN_ENUM_CONVERSION = YES;
				CLANG_WARN_INFINITE_RECURSION = YES;
				CLANG_WARN_INT_CONVERSION = YES;
				CLANG_WARN_NON_LITERAL_NULL_CONVERSION = YES;
				CLANG_WARN_OBJC_IMPLICIT_RETAIN_SELF = YES;
				CLANG_WARN_OBJC_LITERAL_CONVERSION = YES;
				CLANG_WARN_OBJC_ROOT_CLASS = YES_ERROR;
				CLANG_WARN_QUOTED_INCLUDE_IN_FRAMEWORK_HEADER = YES;
				CLANG_WARN_RANGE_LOOP_ANALYSIS = YES;
				CLANG_WARN_STRICT_PROTOTYPES = YES;
				CLANG_WARN_SUSPICIOUS_MOVE = YES;
				CLANG_WARN_UNGUARDED_AVAILABILITY = YES_AGGRESSIVE;
				CLANG_WARN_UNREACHABLE_CODE = YES;
				CLANG_WARN__DUPLICATE_METHOD_MATCH = YES;
				COPY_PHASE_STRIP = NO;
				DEBUG_INFORMATION_FORMAT = dwarf;
				ENABLE_STRICT_OBJC_MSGSEND = YES;
				ENABLE_TESTABILITY = YES;
				GCC_C_LANGUAGE_STANDARD = gnu11;
				GCC_DYNAMIC_NO_PIC = NO;
				GCC_NO_COMMON_BLOCKS = YES;
				GCC_OPTIMIZATION_LEVEL = 0;
				GCC_PREPROCESSOR_DEFINITIONS = (
					"DEBUG=1",
					"$(inherited)",
				);
				GCC_WARN_64_TO_32_BIT_CONVERSION = YES;
				GCC_WARN_ABOUT_RETURN_TYPE = YES_ERROR;
				GCC_WARN_UNDECLARED_SELECTOR = YES;
				GCC_WARN_UNINITIALIZED_AUTOS = YES_AGGRESSIVE;
				GCC_WARN_UNUSED_FUNCTION = YES;
				GCC_WARN_UNUSED_VARIABLE = YES;
				MACOSX_DEPLOYMENT_TARGET = 11.0;
				MTL_ENABLE_DEBUG_INFO = INCLUDE_SOURCE;
				MTL_FAST_MATH = YES;
				ONLY_ACTIVE_ARCH = YES;
				SDKROOT = macosx;
				SWIFT_ACTIVE_COMPILATION_CONDITIONS = DEBUG;
				SWIFT_OPTIMIZATION_LEVEL = "-Onone";
			};
			name = Debug;
		};
		EAB330352B221BD1006BC4DD /* Release */ = {
			isa = XCBuildConfiguration;
			buildSettings = {
				ALWAYS_SEARCH_USER_PATHS = NO;
				CLANG_ANALYZER_LOCALIZABILITY_NONLOCALIZED = YES;
				CLANG_ANALYZER_NONNULL = YES;
				CLANG_ANALYZER_NUMBER_OBJECT_CONVERSION = YES_AGGRESSIVE;
				CLANG_CXX_LANGUAGE_STANDARD = "gnu++20";
				CLANG_ENABLE_MODULES = YES;
				CLANG_ENABLE_OBJC_ARC = YES;
				CLANG_ENABLE_OBJC_WEAK = YES;
				CLANG_WARN_BLOCK_CAPTURE_AUTORELEASING = YES;
				CLANG_WARN_BOOL_CONVERSION = YES;
				CLANG_WARN_COMMA = YES;
				CLANG_WARN_CONSTANT_CONVERSION = YES;
				CLANG_WARN_DEPRECATED_OBJC_IMPLEMENTATIONS = YES;
				CLANG_WARN_DIRECT_OBJC_ISA_USAGE = YES_ERROR;
				CLANG_WARN_DOCUMENTATION_COMMENTS = YES;
				CLANG_WARN_EMPTY_BODY = YES;
				CLANG_WARN_ENUM_CONVERSION = YES;
				CLANG_WARN_INFINITE_RECURSION = YES;
				CLANG_WARN_INT_CONVERSION = YES;
				CLANG_WARN_NON_LITERAL_NULL_CONVERSION = YES;
				CLANG_WARN_OBJC_IMPLICIT_RETAIN_SELF = YES;
				CLANG_WARN_OBJC_LITERAL_CONVERSION = YES;
				CLANG_WARN_OBJC_ROOT_CLASS = YES_ERROR;
				CLANG_WARN_QUOTED_INCLUDE_IN_FRAMEWORK_HEADER = YES;
				CLANG_WARN_RANGE_LOOP_ANALYSIS = YES;
				CLANG_WARN_STRICT_PROTOTYPES = YES;
				CLANG_WARN_SUSPICIOUS_MOVE = YES;
				CLANG_WARN_UNGUARDED_AVAILABILITY = YES_AGGRESSIVE;
				CLANG_WARN_UNREACHABLE_CODE = YES;
				CLANG_WARN__DUPLICATE_METHOD_MATCH = YES;
				COPY_PHASE_STRIP = NO;
				DEBUG_INFORMATION_FORMAT = "dwarf-with-dsym";
				ENABLE_NS_ASSERTIONS = NO;
				ENABLE_STRICT_OBJC_MSGSEND = YES;
				GCC_C_LANGUAGE_STANDARD = gnu11;
				GCC_NO_COMMON_BLOCKS = YES;
				GCC_WARN_64_TO_32_BIT_CONVERSION = YES;
				GCC_WARN_ABOUT_RETURN_TYPE = YES_ERROR;
				GCC_WARN_UNDECLARED_SELECTOR = YES;
				GCC_WARN_UNINITIALIZED_AUTOS = YES_AGGRESSIVE;
				GCC_WARN_UNUSED_FUNCTION = YES;
				GCC_WARN_UNUSED_VARIABLE = YES;
				MACOSX_DEPLOYMENT_TARGET = 11.0;
				MTL_ENABLE_DEBUG_INFO = NO;
				MTL_FAST_MATH = YES;
				SDKROOT = macosx;
				SWIFT_COMPILATION_MODE = wholemodule;
				SWIFT_OPTIMIZATION_LEVEL = "-O";
			};
			name = Release;
		};
		EAB330372B221BD1006BC4DD /* Debug */ = {
			isa = XCBuildConfiguration;
			baseConfigurationReference = EA1C8CE12C7AE833007BDBD7 /* EmacsCtl.debug.xcconfig */;
			buildSettings = {
				ASSETCATALOG_COMPILER_APPICON_NAME = AppIcon;
				ASSETCATALOG_COMPILER_GLOBAL_ACCENT_COLOR_NAME = AccentColor;
				CLANG_ENABLE_MODULES = YES;
				CODE_SIGN_ENTITLEMENTS = EmacsCtl/EmacsCtl.entitlements;
				CODE_SIGN_IDENTITY = "Apple Development";
				"CODE_SIGN_IDENTITY[sdk=macosx*]" = "-";
				CODE_SIGN_STYLE = Automatic;
				COMBINE_HIDPI_IMAGES = YES;
				CURRENT_PROJECT_VERSION = "${EMACSCTL_VERSION}";
				DEVELOPMENT_TEAM = "";
				ENABLE_HARDENED_RUNTIME = YES;
				GENERATE_INFOPLIST_FILE = YES;
				INFOPLIST_FILE = EmacsCtl/Info.plist;
				INFOPLIST_KEY_LSApplicationCategoryType = "public.app-category.utilities";
				INFOPLIST_KEY_LSUIElement = YES;
				INFOPLIST_KEY_NSHumanReadableCopyright = "https://github.com/tctony";
				INFOPLIST_KEY_NSPrincipalClass = NSApplication;
				LD_RUNPATH_SEARCH_PATHS = (
					"$(inherited)",
					"@executable_path/../Frameworks",
				);
				MACOSX_DEPLOYMENT_TARGET = 13.5;
				MARKETING_VERSION = "${EMACSCTL_VERSION}";
				PRODUCT_BUNDLE_IDENTIFIER = com.tctony.EmacsCtl;
				PRODUCT_NAME = "$(TARGET_NAME)";
				PROVISIONING_PROFILE_SPECIFIER = "";
				SWIFT_EMIT_LOC_STRINGS = YES;
				SWIFT_OBJC_BRIDGING_HEADER = "EmacsCtl/OC/EmacsCtl-Bridging-Header.h";
				SWIFT_OPTIMIZATION_LEVEL = "-Onone";
				SWIFT_VERSION = 5.0;
			};
			name = Debug;
		};
		EAB330382B221BD1006BC4DD /* Release */ = {
			isa = XCBuildConfiguration;
			baseConfigurationReference = EA1C8CE22C7AE838007BDBD7 /* EmacsCtl.release.xcconfig */;
			buildSettings = {
				ASSETCATALOG_COMPILER_APPICON_NAME = AppIcon;
				ASSETCATALOG_COMPILER_GLOBAL_ACCENT_COLOR_NAME = AccentColor;
				CLANG_ENABLE_MODULES = YES;
				CODE_SIGN_ENTITLEMENTS = EmacsCtl/EmacsCtl.entitlements;
				CODE_SIGN_IDENTITY = "Apple Development";
				"CODE_SIGN_IDENTITY[sdk=macosx*]" = "-";
				CODE_SIGN_STYLE = Automatic;
				COMBINE_HIDPI_IMAGES = YES;
				CURRENT_PROJECT_VERSION = "${EMACSCTL_VERSION}";
				DEVELOPMENT_TEAM = "";
				ENABLE_HARDENED_RUNTIME = YES;
				GENERATE_INFOPLIST_FILE = YES;
				INFOPLIST_FILE = EmacsCtl/Info.plist;
				INFOPLIST_KEY_LSApplicationCategoryType = "public.app-category.utilities";
				INFOPLIST_KEY_LSUIElement = YES;
				INFOPLIST_KEY_NSHumanReadableCopyright = "https://github.com/tctony";
				INFOPLIST_KEY_NSPrincipalClass = NSApplication;
				LD_RUNPATH_SEARCH_PATHS = (
					"$(inherited)",
					"@executable_path/../Frameworks",
				);
				MACOSX_DEPLOYMENT_TARGET = 13.5;
				MARKETING_VERSION = "${EMACSCTL_VERSION}";
				PRODUCT_BUNDLE_IDENTIFIER = com.tctony.EmacsCtl;
				PRODUCT_NAME = "$(TARGET_NAME)";
				PROVISIONING_PROFILE_SPECIFIER = "";
				SWIFT_EMIT_LOC_STRINGS = YES;
				SWIFT_OBJC_BRIDGING_HEADER = "EmacsCtl/OC/EmacsCtl-Bridging-Header.h";
				SWIFT_VERSION = 5.0;
			};
			name = Release;
		};
/* End XCBuildConfiguration section */

/* Begin XCConfigurationList section */
		EA1058DC2B284C9F0050DA91 /* Build configuration list for PBXNativeTarget "LaunchHelper" */ = {
			isa = XCConfigurationList;
			buildConfigurations = (
				EA1058DD2B284C9F0050DA91 /* Debug */,
				EA1058DE2B284C9F0050DA91 /* Release */,
			);
			defaultConfigurationIsVisible = 0;
			defaultConfigurationName = Release;
		};
		EAB330222B221BD0006BC4DD /* Build configuration list for PBXProject "EmacsCtl" */ = {
			isa = XCConfigurationList;
			buildConfigurations = (
				EAB330342B221BD1006BC4DD /* Debug */,
				EAB330352B221BD1006BC4DD /* Release */,
			);
			defaultConfigurationIsVisible = 0;
			defaultConfigurationName = Release;
		};
		EAB330362B221BD1006BC4DD /* Build configuration list for PBXNativeTarget "EmacsCtl" */ = {
			isa = XCConfigurationList;
			buildConfigurations = (
				EAB330372B221BD1006BC4DD /* Debug */,
				EAB330382B221BD1006BC4DD /* Release */,
			);
			defaultConfigurationIsVisible = 0;
			defaultConfigurationName = Release;
		};
/* End XCConfigurationList section */
	};
	rootObject = EAB3301F2B221BD0006BC4DD /* Project object */;
}
