// !$*UTF8*$!
{
	archiveVersion = 1;
	classes = {
	};
	objectVersion = 56;
	objects = {

/* Begin PBXBuildFile section */
		4C4FB1372B26A85600C1645F /* UserDefaults.swift in Sources */ = {isa = PBXBuildFile; fileRef = 4C4FB1362B26A85600C1645F /* UserDefaults.swift */; };
		EA1058C42B28417F0050DA91 /* Util.swift in Sources */ = {isa = PBXBuildFile; fileRef = EA1058C32B28417F0050DA91 /* Util.swift */; };
		EA12CF0E2B24D4F2005033A8 /* main.swift in Sources */ = {isa = PBXBuildFile; fileRef = EA12CF0D2B24D4F2005033A8 /* main.swift */; };
		EA12CF142B255122005033A8 /* Localizable.strings in Resources */ = {isa = PBXBuildFile; fileRef = EA12CF162B255122005033A8 /* Localizable.strings */; };
		EA12CF2E2B25E1CF005033A8 /* SettingWindow.xib in Resources */ = {isa = PBXBuildFile; fileRef = EA12CF302B25E1CF005033A8 /* SettingWindow.xib */; };
		EA12CF382B25ECCE005033A8 /* BaseWindowController.swift in Sources */ = {isa = PBXBuildFile; fileRef = EA12CF372B25ECCE005033A8 /* BaseWindowController.swift */; };
		EA12CF3A2B25F3B7005033A8 /* LaunchAtLogin.swift in Sources */ = {isa = PBXBuildFile; fileRef = EA12CF392B25F3B7005033A8 /* LaunchAtLogin.swift */; };
		EA12CF3E2B25FE75005033A8 /* AppMenu.swift in Sources */ = {isa = PBXBuildFile; fileRef = EA12CF3D2B25FE75005033A8 /* AppMenu.swift */; };
		EAB3302B2B221BD0006BC4DD /* AppDelegate.swift in Sources */ = {isa = PBXBuildFile; fileRef = EAB3302A2B221BD0006BC4DD /* AppDelegate.swift */; };
		EAB3302D2B221BD0006BC4DD /* SettingWindow.swift in Sources */ = {isa = PBXBuildFile; fileRef = EAB3302C2B221BD0006BC4DD /* SettingWindow.swift */; };
		EAB3302F2B221BD1006BC4DD /* Assets.xcassets in Resources */ = {isa = PBXBuildFile; fileRef = EAB3302E2B221BD1006BC4DD /* Assets.xcassets */; };
		EAB3303B2B235712006BC4DD /* EmacsControl.swift in Sources */ = {isa = PBXBuildFile; fileRef = EAB3303A2B235712006BC4DD /* EmacsControl.swift */; };
		EAB3303D2B23571E006BC4DD /* ConfigStore.swift in Sources */ = {isa = PBXBuildFile; fileRef = EAB3303C2B23571E006BC4DD /* ConfigStore.swift */; };
/* End PBXBuildFile section */

/* Begin PBXFileReference section */
		4C4FB1362B26A85600C1645F /* UserDefaults.swift */ = {isa = PBXFileReference; lastKnownFileType = sourcecode.swift; path = UserDefaults.swift; sourceTree = "<group>"; };
		EA1058C32B28417F0050DA91 /* Util.swift */ = {isa = PBXFileReference; lastKnownFileType = sourcecode.swift; path = Util.swift; sourceTree = "<group>"; };
		EA12CF0D2B24D4F2005033A8 /* main.swift */ = {isa = PBXFileReference; lastKnownFileType = sourcecode.swift; path = main.swift; sourceTree = "<group>"; };
		EA12CF152B255122005033A8 /* en */ = {isa = PBXFileReference; lastKnownFileType = text.plist.strings; name = en; path = en.lproj/Localizable.strings; sourceTree = "<group>"; };
		EA12CF172B255145005033A8 /* zh-Hans */ = {isa = PBXFileReference; lastKnownFileType = text.plist.strings; name = "zh-Hans"; path = "zh-Hans.lproj/Localizable.strings"; sourceTree = "<group>"; };
		EA12CF2F2B25E1CF005033A8 /* Base */ = {isa = PBXFileReference; lastKnownFileType = file.xib; name = Base; path = Base.lproj/SettingWindow.xib; sourceTree = "<group>"; };
		EA12CF372B25ECCE005033A8 /* BaseWindowController.swift */ = {isa = PBXFileReference; lastKnownFileType = sourcecode.swift; path = BaseWindowController.swift; sourceTree = "<group>"; };
		EA12CF392B25F3B7005033A8 /* LaunchAtLogin.swift */ = {isa = PBXFileReference; lastKnownFileType = sourcecode.swift; path = LaunchAtLogin.swift; sourceTree = "<group>"; };
		EA12CF3D2B25FE75005033A8 /* AppMenu.swift */ = {isa = PBXFileReference; lastKnownFileType = sourcecode.swift; path = AppMenu.swift; sourceTree = "<group>"; };
		EA12CF442B26075C005033A8 /* en */ = {isa = PBXFileReference; lastKnownFileType = text.plist.strings; name = en; path = en.lproj/SettingWindow.strings; sourceTree = "<group>"; };
		EA12CF452B26076F005033A8 /* zh-Hans */ = {isa = PBXFileReference; lastKnownFileType = text.plist.strings; name = "zh-Hans"; path = "zh-Hans.lproj/SettingWindow.strings"; sourceTree = "<group>"; };
		EAB330272B221BD0006BC4DD /* EmacsCtl.app */ = {isa = PBXFileReference; explicitFileType = wrapper.application; includeInIndex = 0; path = EmacsCtl.app; sourceTree = BUILT_PRODUCTS_DIR; };
		EAB3302A2B221BD0006BC4DD /* AppDelegate.swift */ = {isa = PBXFileReference; lastKnownFileType = sourcecode.swift; path = AppDelegate.swift; sourceTree = "<group>"; };
		EAB3302C2B221BD0006BC4DD /* SettingWindow.swift */ = {isa = PBXFileReference; lastKnownFileType = sourcecode.swift; path = SettingWindow.swift; sourceTree = "<group>"; };
		EAB3302E2B221BD1006BC4DD /* Assets.xcassets */ = {isa = PBXFileReference; lastKnownFileType = folder.assetcatalog; path = Assets.xcassets; sourceTree = "<group>"; };
		EAB330332B221BD1006BC4DD /* EmacsCtl.entitlements */ = {isa = PBXFileReference; lastKnownFileType = text.plist.entitlements; path = EmacsCtl.entitlements; sourceTree = "<group>"; };
		EAB330392B221C4C006BC4DD /* Info.plist */ = {isa = PBXFileReference; lastKnownFileType = text.plist; path = Info.plist; sourceTree = "<group>"; };
		EAB3303A2B235712006BC4DD /* EmacsControl.swift */ = {isa = PBXFileReference; lastKnownFileType = sourcecode.swift; path = EmacsControl.swift; sourceTree = "<group>"; };
		EAB3303C2B23571E006BC4DD /* ConfigStore.swift */ = {isa = PBXFileReference; lastKnownFileType = sourcecode.swift; path = ConfigStore.swift; sourceTree = "<group>"; };
/* End PBXFileReference section */

/* Begin PBXFrameworksBuildPhase section */
		EAB330242B221BD0006BC4DD /* Frameworks */ = {
			isa = PBXFrameworksBuildPhase;
			buildActionMask = 2147483647;
			files = (
			);
			runOnlyForDeploymentPostprocessing = 0;
		};
/* End PBXFrameworksBuildPhase section */

/* Begin PBXGroup section */
		EA12CF1B2B25CA21005033A8 /* UI */ = {
			isa = PBXGroup;
			children = (
				EA12CF372B25ECCE005033A8 /* BaseWindowController.swift */,
				EAB3302C2B221BD0006BC4DD /* SettingWindow.swift */,
				EA12CF302B25E1CF005033A8 /* SettingWindow.xib */,
			);
			path = UI;
			sourceTree = "<group>";
		};
		EAB3301E2B221BD0006BC4DD = {
			isa = PBXGroup;
			children = (
				EAB330292B221BD0006BC4DD /* EmacsCtl */,
				EAB330282B221BD0006BC4DD /* Products */,
			);
			sourceTree = "<group>";
		};
		EAB330282B221BD0006BC4DD /* Products */ = {
			isa = PBXGroup;
			children = (
				EAB330272B221BD0006BC4DD /* EmacsCtl.app */,
			);
			name = Products;
			sourceTree = "<group>";
		};
		EAB330292B221BD0006BC4DD /* EmacsCtl */ = {
			isa = PBXGroup;
			children = (
				EA12CF0D2B24D4F2005033A8 /* main.swift */,
				EAB3302A2B221BD0006BC4DD /* AppDelegate.swift */,
				EA12CF3D2B25FE75005033A8 /* AppMenu.swift */,
				EAB3303C2B23571E006BC4DD /* ConfigStore.swift */,
				4C4FB1362B26A85600C1645F /* UserDefaults.swift */,
				EAB3303A2B235712006BC4DD /* EmacsControl.swift */,
				EA12CF1B2B25CA21005033A8 /* UI */,
				EA12CF392B25F3B7005033A8 /* LaunchAtLogin.swift */,
				EA1058C32B28417F0050DA91 /* Util.swift */,
				EA12CF162B255122005033A8 /* Localizable.strings */,
				EAB3302E2B221BD1006BC4DD /* Assets.xcassets */,
				EAB330392B221C4C006BC4DD /* Info.plist */,
				EAB330332B221BD1006BC4DD /* EmacsCtl.entitlements */,
			);
			path = EmacsCtl;
			sourceTree = "<group>";
		};
/* End PBXGroup section */

/* Begin PBXNativeTarget section */
		EAB330262B221BD0006BC4DD /* EmacsCtl */ = {
			isa = PBXNativeTarget;
			buildConfigurationList = EAB330362B221BD1006BC4DD /* Build configuration list for PBXNativeTarget "EmacsCtl" */;
			buildPhases = (
				EAB330232B221BD0006BC4DD /* Sources */,
				EAB330242B221BD0006BC4DD /* Frameworks */,
				EA12CF462B260AB2005033A8 /* Generate xib strings */,
				EAB330252B221BD0006BC4DD /* Resources */,
			);
			buildRules = (
			);
			dependencies = (
			);
			name = EmacsCtl;
			productName = EmacsCtl;
			productReference = EAB330272B221BD0006BC4DD /* EmacsCtl.app */;
			productType = "com.apple.product-type.application";
		};
/* End PBXNativeTarget section */

/* Begin PBXProject section */
		EAB3301F2B221BD0006BC4DD /* Project object */ = {
			isa = PBXProject;
			attributes = {
				BuildIndependentTargetsInParallel = 1;
				LastSwiftUpdateCheck = 1400;
				LastUpgradeCheck = 1400;
				TargetAttributes = {
					EAB330262B221BD0006BC4DD = {
						CreatedOnToolsVersion = 14.0;
					};
				};
			};
			buildConfigurationList = EAB330222B221BD0006BC4DD /* Build configuration list for PBXProject "EmacsCtl" */;
			compatibilityVersion = "Xcode 14.0";
			developmentRegion = en;
			hasScannedForEncodings = 0;
			knownRegions = (
				en,
				"zh-Hans",
				Base,
			);
			mainGroup = EAB3301E2B221BD0006BC4DD;
			productRefGroup = EAB330282B221BD0006BC4DD /* Products */;
			projectDirPath = "";
			projectRoot = "";
			targets = (
				EAB330262B221BD0006BC4DD /* EmacsCtl */,
			);
		};
/* End PBXProject section */

/* Begin PBXResourcesBuildPhase section */
		EAB330252B221BD0006BC4DD /* Resources */ = {
			isa = PBXResourcesBuildPhase;
			buildActionMask = 2147483647;
			files = (
				EAB3302F2B221BD1006BC4DD /* Assets.xcassets in Resources */,
				EA12CF2E2B25E1CF005033A8 /* SettingWindow.xib in Resources */,
				EA12CF142B255122005033A8 /* Localizable.strings in Resources */,
			);
			runOnlyForDeploymentPostprocessing = 0;
		};
/* End PBXResourcesBuildPhase section */

/* Begin PBXShellScriptBuildPhase section */
		EA12CF462B260AB2005033A8 /* Generate xib strings */ = {
			isa = PBXShellScriptBuildPhase;
			alwaysOutOfDate = 1;
			buildActionMask = 2147483647;
			files = (
			);
			inputFileListPaths = (
			);
			inputPaths = (
			);
			name = "Generate xib strings";
			outputFileListPaths = (
			);
			outputPaths = (
			);
			runOnlyForDeploymentPostprocessing = 0;
			shellPath = /bin/sh;
			shellScript = "files=(\\\n    \"EmacsCtl/UI/Base.lproj/SettingWindow.xib\" \\\n)\n\nfor f in \"${files[@]}\"\ndo \n    output=$(echo \"$f\" | sed 's/Base\\.lproj/en\\.lproj/g' | sed 's/\\.xib/\\.strings/g')\n    ibtool --generate-strings-file $output $f\ndone\n";
			showEnvVarsInLog = 0;
		};
/* End PBXShellScriptBuildPhase section */

/* Begin PBXSourcesBuildPhase section */
		EAB330232B221BD0006BC4DD /* Sources */ = {
			isa = PBXSourcesBuildPhase;
			buildActionMask = 2147483647;
			files = (
				EAB3302D2B221BD0006BC4DD /* SettingWindow.swift in Sources */,
				EA12CF3A2B25F3B7005033A8 /* LaunchAtLogin.swift in Sources */,
				EA12CF0E2B24D4F2005033A8 /* main.swift in Sources */,
				EA12CF382B25ECCE005033A8 /* BaseWindowController.swift in Sources */,
				EAB3303D2B23571E006BC4DD /* ConfigStore.swift in Sources */,
				4C4FB1372B26A85600C1645F /* UserDefaults.swift in Sources */,
				EAB3302B2B221BD0006BC4DD /* AppDelegate.swift in Sources */,
				EA1058C42B28417F0050DA91 /* Util.swift in Sources */,
				EA12CF3E2B25FE75005033A8 /* AppMenu.swift in Sources */,
				EAB3303B2B235712006BC4DD /* EmacsControl.swift in Sources */,
			);
			runOnlyForDeploymentPostprocessing = 0;
		};
/* End PBXSourcesBuildPhase section */

/* Begin PBXVariantGroup section */
		EA12CF162B255122005033A8 /* Localizable.strings */ = {
			isa = PBXVariantGroup;
			children = (
				EA12CF152B255122005033A8 /* en */,
				EA12CF172B255145005033A8 /* zh-Hans */,
			);
			name = Localizable.strings;
			sourceTree = "<group>";
		};
		EA12CF302B25E1CF005033A8 /* SettingWindow.xib */ = {
			isa = PBXVariantGroup;
			children = (
				EA12CF2F2B25E1CF005033A8 /* Base */,
				EA12CF442B26075C005033A8 /* en */,
				EA12CF452B26076F005033A8 /* zh-Hans */,
			);
			name = SettingWindow.xib;
			sourceTree = "<group>";
		};
/* End PBXVariantGroup section */

/* Begin XCBuildConfiguration section */
		EAB330342B221BD1006BC4DD /* Debug */ = {
			isa = XCBuildConfiguration;
			buildSettings = {
				ALWAYS_SEARCH_USER_PATHS = NO;
				CLANG_ANALYZER_LOCALIZABILITY_NONLOCALIZED = YES;
				CLANG_ANALYZER_NONNULL = YES;
				CLANG_ANALYZER_NUMBER_OBJECT_CONVERSION = YES_AGGRESSIVE;
				CLANG_CXX_LANGUAGE_STANDARD = "gnu++20";
				CLANG_ENABLE_MODULES = YES;
				CLANG_ENABLE_OBJC_ARC = YES;
				CLANG_ENABLE_OBJC_WEAK = YES;
				CLANG_WARN_BLOCK_CAPTURE_AUTORELEASING = YES;
				CLANG_WARN_BOOL_CONVERSION = YES;
				CLANG_WARN_COMMA = YES;
				CLANG_WARN_CONSTANT_CONVERSION = YES;
				CLANG_WARN_DEPRECATED_OBJC_IMPLEMENTATIONS = YES;
				CLANG_WARN_DIRECT_OBJC_ISA_USAGE = YES_ERROR;
				CLANG_WARN_DOCUMENTATION_COMMENTS = YES;
				CLANG_WARN_EMPTY_BODY = YES;
				CLANG_WARN_ENUM_CONVERSION = YES;
				CLANG_WARN_INFINITE_RECURSION = YES;
				CLANG_WARN_INT_CONVERSION = YES;
				CLANG_WARN_NON_LITERAL_NULL_CONVERSION = YES;
				CLANG_WARN_OBJC_IMPLICIT_RETAIN_SELF = YES;
				CLANG_WARN_OBJC_LITERAL_CONVERSION = YES;
				CLANG_WARN_OBJC_ROOT_CLASS = YES_ERROR;
				CLANG_WARN_QUOTED_INCLUDE_IN_FRAMEWORK_HEADER = YES;
				CLANG_WARN_RANGE_LOOP_ANALYSIS = YES;
				CLANG_WARN_STRICT_PROTOTYPES = YES;
				CLANG_WARN_SUSPICIOUS_MOVE = YES;
				CLANG_WARN_UNGUARDED_AVAILABILITY = YES_AGGRESSIVE;
				CLANG_WARN_UNREACHABLE_CODE = YES;
				CLANG_WARN__DUPLICATE_METHOD_MATCH = YES;
				COPY_PHASE_STRIP = NO;
				DEBUG_INFORMATION_FORMAT = dwarf;
				ENABLE_STRICT_OBJC_MSGSEND = YES;
				ENABLE_TESTABILITY = YES;
				GCC_C_LANGUAGE_STANDARD = gnu11;
				GCC_DYNAMIC_NO_PIC = NO;
				GCC_NO_COMMON_BLOCKS = YES;
				GCC_OPTIMIZATION_LEVEL = 0;
				GCC_PREPROCESSOR_DEFINITIONS = (
					"DEBUG=1",
					"$(inherited)",
				);
				GCC_WARN_64_TO_32_BIT_CONVERSION = YES;
				GCC_WARN_ABOUT_RETURN_TYPE = YES_ERROR;
				GCC_WARN_UNDECLARED_SELECTOR = YES;
				GCC_WARN_UNINITIALIZED_AUTOS = YES_AGGRESSIVE;
				GCC_WARN_UNUSED_FUNCTION = YES;
				GCC_WARN_UNUSED_VARIABLE = YES;
				MACOSX_DEPLOYMENT_TARGET = 11.0;
				MTL_ENABLE_DEBUG_INFO = INCLUDE_SOURCE;
				MTL_FAST_MATH = YES;
				ONLY_ACTIVE_ARCH = YES;
				SDKROOT = macosx;
				SWIFT_ACTIVE_COMPILATION_CONDITIONS = DEBUG;
				SWIFT_OPTIMIZATION_LEVEL = "-Onone";
			};
			name = Debug;
		};
		EAB330352B221BD1006BC4DD /* Release */ = {
			isa = XCBuildConfiguration;
			buildSettings = {
				ALWAYS_SEARCH_USER_PATHS = NO;
				CLANG_ANALYZER_LOCALIZABILITY_NONLOCALIZED = YES;
				CLANG_ANALYZER_NONNULL = YES;
				CLANG_ANALYZER_NUMBER_OBJECT_CONVERSION = YES_AGGRESSIVE;
				CLANG_CXX_LANGUAGE_STANDARD = "gnu++20";
				CLANG_ENABLE_MODULES = YES;
				CLANG_ENABLE_OBJC_ARC = YES;
				CLANG_ENABLE_OBJC_WEAK = YES;
				CLANG_WARN_BLOCK_CAPTURE_AUTORELEASING = YES;
				CLANG_WARN_BOOL_CONVERSION = YES;
				CLANG_WARN_COMMA = YES;
				CLANG_WARN_CONSTANT_CONVERSION = YES;
				CLANG_WARN_DEPRECATED_OBJC_IMPLEMENTATIONS = YES;
				CLANG_WARN_DIRECT_OBJC_ISA_USAGE = YES_ERROR;
				CLANG_WARN_DOCUMENTATION_COMMENTS = YES;
				CLANG_WARN_EMPTY_BODY = YES;
				CLANG_WARN_ENUM_CONVERSION = YES;
				CLANG_WARN_INFINITE_RECURSION = YES;
				CLANG_WARN_INT_CONVERSION = YES;
				CLANG_WARN_NON_LITERAL_NULL_CONVERSION = YES;
				CLANG_WARN_OBJC_IMPLICIT_RETAIN_SELF = YES;
				CLANG_WARN_OBJC_LITERAL_CONVERSION = YES;
				CLANG_WARN_OBJC_ROOT_CLASS = YES_ERROR;
				CLANG_WARN_QUOTED_INCLUDE_IN_FRAMEWORK_HEADER = YES;
				CLANG_WARN_RANGE_LOOP_ANALYSIS = YES;
				CLANG_WARN_STRICT_PROTOTYPES = YES;
				CLANG_WARN_SUSPICIOUS_MOVE = YES;
				CLANG_WARN_UNGUARDED_AVAILABILITY = YES_AGGRESSIVE;
				CLANG_WARN_UNREACHABLE_CODE = YES;
				CLANG_WARN__DUPLICATE_METHOD_MATCH = YES;
				COPY_PHASE_STRIP = NO;
				DEBUG_INFORMATION_FORMAT = "dwarf-with-dsym";
				ENABLE_NS_ASSERTIONS = NO;
				ENABLE_STRICT_OBJC_MSGSEND = YES;
				GCC_C_LANGUAGE_STANDARD = gnu11;
				GCC_NO_COMMON_BLOCKS = YES;
				GCC_WARN_64_TO_32_BIT_CONVERSION = YES;
				GCC_WARN_ABOUT_RETURN_TYPE = YES_ERROR;
				GCC_WARN_UNDECLARED_SELECTOR = YES;
				GCC_WARN_UNINITIALIZED_AUTOS = YES_AGGRESSIVE;
				GCC_WARN_UNUSED_FUNCTION = YES;
				GCC_WARN_UNUSED_VARIABLE = YES;
				MACOSX_DEPLOYMENT_TARGET = 11.0;
				MTL_ENABLE_DEBUG_INFO = NO;
				MTL_FAST_MATH = YES;
				SDKROOT = macosx;
				SWIFT_COMPILATION_MODE = wholemodule;
				SWIFT_OPTIMIZATION_LEVEL = "-O";
			};
			name = Release;
		};
		EAB330372B221BD1006BC4DD /* Debug */ = {
			isa = XCBuildConfiguration;
			buildSettings = {
				ASSETCATALOG_COMPILER_APPICON_NAME = AppIcon;
				ASSETCATALOG_COMPILER_GLOBAL_ACCENT_COLOR_NAME = AccentColor;
				CODE_SIGN_ENTITLEMENTS = EmacsCtl/EmacsCtl.entitlements;
				"CODE_SIGN_IDENTITY[sdk=macosx*]" = "Apple Development";
				CODE_SIGN_STYLE = Automatic;
				COMBINE_HIDPI_IMAGES = YES;
				CURRENT_PROJECT_VERSION = 1;
				DEVELOPMENT_TEAM = NSWMLDGCEZ;
				ENABLE_HARDENED_RUNTIME = YES;
				GENERATE_INFOPLIST_FILE = YES;
				INFOPLIST_FILE = EmacsCtl/Info.plist;
				INFOPLIST_KEY_LSApplicationCategoryType = "public.app-category.utilities";
				INFOPLIST_KEY_LSUIElement = YES;
				INFOPLIST_KEY_NSHumanReadableCopyright = "https://github.com/tctony";
				INFOPLIST_KEY_NSPrincipalClass = NSApplication;
				LD_RUNPATH_SEARCH_PATHS = (
					"$(inherited)",
					"@executable_path/../Frameworks",
				);
				MARKETING_VERSION = 1.0;
				PRODUCT_BUNDLE_IDENTIFIER = com.tctony.EmacsCtl;
				PRODUCT_NAME = "$(TARGET_NAME)";
				SWIFT_EMIT_LOC_STRINGS = YES;
				SWIFT_VERSION = 5.0;
			};
			name = Debug;
		};
		EAB330382B221BD1006BC4DD /* Release */ = {
			isa = XCBuildConfiguration;
			buildSettings = {
				ASSETCATALOG_COMPILER_APPICON_NAME = AppIcon;
				ASSETCATALOG_COMPILER_GLOBAL_ACCENT_COLOR_NAME = AccentColor;
				CODE_SIGN_ENTITLEMENTS = EmacsCtl/EmacsCtl.entitlements;
				"CODE_SIGN_IDENTITY[sdk=macosx*]" = "Apple Development";
				CODE_SIGN_STYLE = Automatic;
				COMBINE_HIDPI_IMAGES = YES;
				CURRENT_PROJECT_VERSION = 1;
				DEVELOPMENT_TEAM = NSWMLDGCEZ;
				ENABLE_HARDENED_RUNTIME = YES;
				GENERATE_INFOPLIST_FILE = YES;
				INFOPLIST_FILE = EmacsCtl/Info.plist;
				INFOPLIST_KEY_LSApplicationCategoryType = "public.app-category.utilities";
				INFOPLIST_KEY_LSUIElement = YES;
				INFOPLIST_KEY_NSHumanReadableCopyright = "https://github.com/tctony";
				INFOPLIST_KEY_NSPrincipalClass = NSApplication;
				LD_RUNPATH_SEARCH_PATHS = (
					"$(inherited)",
					"@executable_path/../Frameworks",
				);
				MARKETING_VERSION = 1.0;
				PRODUCT_BUNDLE_IDENTIFIER = com.tctony.EmacsCtl;
				PRODUCT_NAME = "$(TARGET_NAME)";
				SWIFT_EMIT_LOC_STRINGS = YES;
				SWIFT_VERSION = 5.0;
			};
			name = Release;
		};
/* End XCBuildConfiguration section */

/* Begin XCConfigurationList section */
		EAB330222B221BD0006BC4DD /* Build configuration list for PBXProject "EmacsCtl" */ = {
			isa = XCConfigurationList;
			buildConfigurations = (
				EAB330342B221BD1006BC4DD /* Debug */,
				EAB330352B221BD1006BC4DD /* Release */,
			);
			defaultConfigurationIsVisible = 0;
			defaultConfigurationName = Release;
		};
		EAB330362B221BD1006BC4DD /* Build configuration list for PBXNativeTarget "EmacsCtl" */ = {
			isa = XCConfigurationList;
			buildConfigurations = (
				EAB330372B221BD1006BC4DD /* Debug */,
				EAB330382B221BD1006BC4DD /* Release */,
			);
			defaultConfigurationIsVisible = 0;
			defaultConfigurationName = Release;
		};
/* End XCConfigurationList section */
	};
	rootObject = EAB3301F2B221BD0006BC4DD /* Project object */;
}
